
Microsoft Visual Studio Solution File, Format Version 12.00
# Visual Studio 15
VisualStudioVersion = 15.0.28010.2026
MinimumVisualStudioVersion = 10.0.40219.1
Project("{FAE04EC0-301F-11D3-BF4B-00C04F79EFBC}") = "Software_TRADEX", "Software_TRADEX\Software_TRADEX.csproj", "{CF12DBE0-BAD7-4045-A546-3D27651B4242}"
EndProject
Global
	GlobalSection(SolutionConfigurationPlatforms) = preSolution
		Debug|Any CPU = Debug|Any CPU
		Release|Any CPU = Release|Any CPU
	EndGlobalSection
	GlobalSection(ProjectConfigurationPlatforms) = postSolution
		{CF12DBE0-BAD7-4045-A546-3D27651B4242}.Debug|Any CPU.ActiveCfg = Debug|Any CPU
		{CF12DBE0-BAD7-4045-A546-3D27651B4242}.Debug|Any CPU.Build.0 = Debug|Any CPU
		{CF12DBE0-BAD7-4045-A546-3D27651B4242}.Release|Any CPU.ActiveCfg = Release|Any CPU
		{CF12DBE0-BAD7-4045-A546-3D27651B4242}.Release|Any CPU.Build.0 = Release|Any CPU
	EndGlobalSection
	GlobalSection(SolutionProperties) = preSolution
		HideSolutionNode = FALSE
	EndGlobalSection
	GlobalSection(ExtensibilityGlobals) = postSolution
		SolutionGuid = {34DCAD69-3784-490A-90A9-72E2727011E4}
	EndGlobalSection
EndGlobal
